<Solution>
  <Folder Name="/src/">
    <Project Path="src/Rig.Domain/Rig.Domain.csproj" />
    <Project Path="src/Rig.Storage/Rig.Storage.csproj" />
    <Project Path="src/Rig/Rig.csproj" />
  </Folder>
  <Folder Name="/tests/">
    <Project Path="tests/Rig.Tests/Rig.Tests.csproj" />
  </Folder>
</Solution>
